{
  "name": "react-modele",
  "requires": true,
  "lockfileVersion": 1,
  "dependencies": {
    "@babel/core": {
      "version": "",
      "dev": true
    },
    "@babel/preset-env": {
      "version": "",
      "dev": true
    },
    "babel-eslint": {
      "version": "",
      "dev": true
    },
    "babel-loader": {
      "version": "",
      "dev": true
    },
    "clean-webpack-plugin": {
      "version": "",
      "dev": true
    },
    "copy-webpack-plugin": {
      "version": "",
      "dev": true,
      "dependencies": {
        "p-limit": {
          "version": "https://registry.npmjs.org/p-limit/-/p-limit-2.3.0.tgz",
          "integrity": "sha512-//88mFWSJx8lxCzwdAABTJL2MyWB12+eIY7MDL2SqLmAkeKU9qxRvWuSyTjm3FUmpBEMuFfckAIqEaVGUDxb6w==",
          "requires": {
            "p-try": "^2.0.0"
          }
        },
        "p-try": {
          "version": "2.2.0",
          "resolved": "https://registry.npmjs.org/p-try/-/p-try-2.2.0.tgz",
          "integrity": "sha512-R4nPAVTAU0B9D35/Gk3uJf/7XYbQcyohSKdvAxIRSNghFl4e71hVoGnBNQz9cWaXxO2I10KTC+3jMdvvoKw6dQ=="
        },
        "pify": {
          "version": "https://registry.npmjs.org/pify/-/pify-3.0.0.tgz",
          "integrity": "sha1-5aSs0sEB/fPZpNB/DbxNtJ3SgXY="
        }
      }
    },
    "css-loader": {
      "version": "",
      "dev": true,
      "dependencies": {
        "semver": {
          "version": "https://registry.npmjs.org/semver/-/semver-6.3.0.tgz",
          "integrity": "sha512-b39TBaTSfV6yBrapU89p5fKekE2m/NwnDocOVruQFS1/veMgdzuPcnOM34M6CwxW8jH/lxEa5rBoDeUwu5HHTw=="
        }
      }
    },
    "eslint": {
      "version": "",
      "dev": true,
      "dependencies": {
        "cross-spawn": {
          "dependencies": {
            "semver": {
              "version": "https://registry.npmjs.org/semver/-/semver-5.7.1.tgz",
              "integrity": "sha512-sauaDf/PZdVgrLTNYHRtpXa1iRiKcaebiKQ1BJdpQlWH2lCvexQdX55snPFyK7QzpudqbCI0qXFfOasHdyNDGQ=="
            }
          }
        },
        "glob-parent": {
          "version": "https://registry.npmjs.org/glob-parent/-/glob-parent-5.1.1.tgz",
          "integrity": "sha512-FnI+VGOpnlGHWZxthPGR+QhR78fuiK0sNLkHQv+bL9fQi57lNNdquIbna/WrfROrolq8GK5Ek6BiMwqL/voRYQ=="
        },
        "ignore": {
          "version": "https://registry.npmjs.org/ignore/-/ignore-4.0.6.tgz",
          "integrity": "sha512-cyFDKrqc/YdcWFniJhzI42+AzS+gNwmUzOSFcRCQYwySuBBBy/KjuxWLZ/FHEH6Moq1NizMOBWyTcv8O4OZIMg=="
        },
        "path-key": {
          "version": "https://registry.npmjs.org/path-key/-/path-key-2.0.1.tgz",
          "integrity": "sha1-QRyttXTFoUDTpLGRDUDYDMn0C0A="
        },
        "resolve-from": {
          "version": "https://registry.npmjs.org/resolve-from/-/resolve-from-4.0.0.tgz",
          "integrity": "sha512-pb/MYmXstAkysRFx8piNI1tGFNQIFA3vkE3Gq4EuA1dF6gHp/+vgZqsCGJapvy8N3Q+4o7FwvquPJcnZ7RYy4g=="
        },
        "semver": {
          "version": "https://registry.npmjs.org/semver/-/semver-6.3.0.tgz",
          "integrity": "sha512-b39TBaTSfV6yBrapU89p5fKekE2m/NwnDocOVruQFS1/veMgdzuPcnOM34M6CwxW8jH/lxEa5rBoDeUwu5HHTw=="
        },
        "shebang-command": {
          "version": "https://registry.npmjs.org/shebang-command/-/shebang-command-1.2.0.tgz",
          "integrity": "sha1-RKrGW2lbAzmJaMOfNj/uXer98eo=",
          "requires": {
            "shebang-regex": "^1.0.0"
          }
        },
        "shebang-regex": {
          "version": "1.0.0",
          "resolved": "https://registry.npmjs.org/shebang-regex/-/shebang-regex-1.0.0.tgz",
          "integrity": "sha1-2kL0l0DAtC2yypcoVxyxkMmO/qM="
        },
        "strip-json-comments": {
          "version": "https://registry.npmjs.org/strip-json-comments/-/strip-json-comments-3.1.0.tgz",
          "integrity": "sha512-e6/d0eBu7gHtdCqFt0xJr642LdToM5/cN4Qb9DbHjVx1CP5RyeM+zH7pbecEmDv/lBqb0QH+6Uqq75rxFPkM0w=="
        },
        "which": {
          "version": "https://registry.npmjs.org/which/-/which-1.3.1.tgz",
          "integrity": "sha512-HxJdYWq1MTIQbJ3nw0cqssHoTNU267KlrDuGZ1WYlxDStUtKUhOaJmh112/TZmHxxUfuJqPXSOm7tDyas0OSIQ=="
        }
      }
    },
    "eslint-config-airbnb": {
      "version": "",
      "dev": true
    },
    "eslint-plugin-import": {
      "version": "",
      "dev": true,
      "dependencies": {
        "doctrine": {
          "version": "https://registry.npmjs.org/doctrine/-/doctrine-1.5.0.tgz",
          "integrity": "sha1-N53Ocw9hZvds76TmcHoVmwLFpvo="
        }
      }
    },
    "eslint-plugin-jsx-a11y": {
      "version": "",
      "dev": true
    },
    "eslint-plugin-react": {
      "version": "",
      "dev": true,
      "dependencies": {
        "doctrine": {
          "version": "https://registry.npmjs.org/doctrine/-/doctrine-2.1.0.tgz",
          "integrity": "sha512-35mSku4ZXK0vfCuHEDAwt55dg2jNajHZ1odvF+8SSr82EsZY4QmXfuWso8oEd8zRhVObSN18aM0CjSdoBX7zIw=="
        },
        "semver": {
          "version": "https://registry.npmjs.org/semver/-/semver-6.3.0.tgz",
          "integrity": "sha512-b39TBaTSfV6yBrapU89p5fKekE2m/NwnDocOVruQFS1/veMgdzuPcnOM34M6CwxW8jH/lxEa5rBoDeUwu5HHTw=="
        }
      }
    },
    "eslint-plugin-react-hooks": {
      "version": "",
      "dev": true
    },
    "file-loader": {
      "version": "",
      "dev": true,
      "dependencies": {
        "loader-utils": {
          "version": "https://registry.npmjs.org/loader-utils/-/loader-utils-2.0.0.tgz",
          "integrity": "sha512-rP4F0h2RaWSvPEkD7BLDFQnvSf+nK+wr3ESUjNTyAGobqrijmW92zc+SO6d4p4B1wh7+B/Jg1mkQe5NYUEHtHQ=="
        }
      }
    },
    "html-webpack-plugin": {
      "version": "",
      "dev": true
    },
    "html5-file-selector": {
      "version": "2.1.0",
      "resolved": "https://registry.npmjs.org/html5-file-selector/-/html5-file-selector-2.1.0.tgz",
      "integrity": "sha512-pzf82T0d58BimSSNNXyj/uak7qC9N4wUwWNbamOHnYpPUN2/KJ47bXrbuXeTCbeKmNHyKegqeWt7Bl1excL5PA=="
    },
    "mini-css-extract-plugin": {
      "version": "",
      "dev": true,
      "dependencies": {
        "prepend-http": {
          "version": "https://registry.npmjs.org/prepend-http/-/prepend-http-1.0.4.tgz",
          "integrity": "sha1-1PRWKwzjaW5BrFLQ4ALlemNdxtw="
        }
      }
    },
    "optimize-css-assets-webpack-plugin": {
      "version": "",
      "dev": true
    },
    "postcss-preset-env": {
      "version": "",
      "dev": true
    },
    "prop-types": {
      "version": ""
    },
    "react": {
      "version": ""
    },
    "react-dom": {
      "version": ""
    },
    "resolve-url-loader": {
      "version": "",
      "dev": true,
      "dependencies": {
        "loader-utils": {}
      }
    },
    "sass-loader": {
      "version": "",
      "dev": true
    },
    "style-loader": {
      "version": "",
      "dev": true
    },
    "terser-webpack-plugin": {
      "version": "",
      "dev": true,
      "dependencies": {
        "cacache": {}
      }
    },
    "webpack-cli": {
      "version": "",
      "dev": true,
      "dependencies": {
        "loader-utils": {}
      }
    },
    "webpack-dev-server": {
      "version": "",
      "dev": true
    }
  }
}
